
Microsoft Visual Studio Solution File, Format Version 12.00
# Visual Studio 15
VisualStudioVersion = 15.0.27703.2018
MinimumVisualStudioVersion = 10.0.40219.1
Project("{FAE04EC0-301F-11D3-BF4B-00C04F79EFBC}") = "Tarek", "Tarek\Tarek.csproj", "{F8D6398D-9171-4272-AAB1-EADDB8A081A4}"
	ProjectSection(ProjectDependencies) = postProject
		{27BA7765-93CF-4F98-AD39-7BBB1F4C4DF3} = {27BA7765-93CF-4F98-AD39-7BBB1F4C4DF3}
	EndProjectSection
EndProject
Project("{FAE04EC0-301F-11D3-BF4B-00C04F79EFBC}") = "Tarek_DAL", "Tarek_DAL\Tarek_DAL.csproj", "{9128B312-F059-42BD-8604-736C3F081B16}"
EndProject
Project("{FAE04EC0-301F-11D3-BF4B-00C04F79EFBC}") = "Tarek_BLL", "Tarek_BLL\Tarek_BLL.csproj", "{27BA7765-93CF-4F98-AD39-7BBB1F4C4DF3}"
EndProject
Global
	GlobalSection(SolutionConfigurationPlatforms) = preSolution
		Debug|Any CPU = Debug|Any CPU
		Release|Any CPU = Release|Any CPU
	EndGlobalSection
	GlobalSection(ProjectConfigurationPlatforms) = postSolution
		{F8D6398D-9171-4272-AAB1-EADDB8A081A4}.Debug|Any CPU.ActiveCfg = Debug|Any CPU
		{F8D6398D-9171-4272-AAB1-EADDB8A081A4}.Debug|Any CPU.Build.0 = Debug|Any CPU
		{F8D6398D-9171-4272-AAB1-EADDB8A081A4}.Release|Any CPU.ActiveCfg = Release|Any CPU
		{F8D6398D-9171-4272-AAB1-EADDB8A081A4}.Release|Any CPU.Build.0 = Release|Any CPU
		{9128B312-F059-42BD-8604-736C3F081B16}.Debug|Any CPU.ActiveCfg = Debug|Any CPU
		{9128B312-F059-42BD-8604-736C3F081B16}.Debug|Any CPU.Build.0 = Debug|Any CPU
		{9128B312-F059-42BD-8604-736C3F081B16}.Release|Any CPU.ActiveCfg = Release|Any CPU
		{9128B312-F059-42BD-8604-736C3F081B16}.Release|Any CPU.Build.0 = Release|Any CPU
		{27BA7765-93CF-4F98-AD39-7BBB1F4C4DF3}.Debug|Any CPU.ActiveCfg = Debug|Any CPU
		{27BA7765-93CF-4F98-AD39-7BBB1F4C4DF3}.Debug|Any CPU.Build.0 = Debug|Any CPU
		{27BA7765-93CF-4F98-AD39-7BBB1F4C4DF3}.Release|Any CPU.ActiveCfg = Release|Any CPU
		{27BA7765-93CF-4F98-AD39-7BBB1F4C4DF3}.Release|Any CPU.Build.0 = Release|Any CPU
	EndGlobalSection
	GlobalSection(SolutionProperties) = preSolution
		HideSolutionNode = FALSE
	EndGlobalSection
	GlobalSection(ExtensibilityGlobals) = postSolution
		SolutionGuid = {A3B3C306-05C3-48CA-BF98-DFC49E415F72}
	EndGlobalSection
EndGlobal
